PODS:
  - RxBluetoothKit (7.0.0):
    - RxSwift (~> 6.0)
  - RxSwift (6.5.0)
  - SnapKit (5.6.0)

DEPENDENCIES:
  - RxBluetoothKit (from `https://github.com/i-mobility/RxBluetoothKit.git`, tag `7.0.2`)
  - SnapKit

SPEC REPOS:
  trunk:
    - RxSwift
    - SnapKit

EXTERNAL SOURCES:
  RxBluetoothKit:
    :git: https://github.com/i-mobility/RxBluetoothKit.git
    :tag: 7.0.2

CHECKOUT OPTIONS:
  RxBluetoothKit:
    :git: https://github.com/i-mobility/RxBluetoothKit.git
    :tag: 7.0.2

SPEC CHECKSUMS:
  RxBluetoothKit: be7acb92b3eaaa3a15c3813c2c12648ad7f49010
  RxSwift: 5710a9e6b17f3c3d6e40d6e559b9fa1e813b2ef8
  SnapKit: e01d52ebb8ddbc333eefe2132acf85c8227d9c25

PODFILE CHECKSUM: 0e82b6765f4853f48c04d8e51663ce7cf6aa844a

COCOAPODS: 1.11.3
